// !$*UTF8*$!
{
	archiveVersion = 1;
	classes = {
	};
	objectVersion = 48;
	objects = {

/* Begin PBXBuildFile section */
		650BEE87201D49DF001AFB19 /* AppDelegate.swift in Sources */ = {isa = PBXBuildFile; fileRef = 650BEE86201D49DF001AFB19 /* AppDelegate.swift */; };
		650BEE89201D49DF001AFB19 /* ViewController.swift in Sources */ = {isa = PBXBuildFile; fileRef = 650BEE88201D49DF001AFB19 /* ViewController.swift */; };
		650BEE8C201D49DF001AFB19 /* Main.storyboard in Resources */ = {isa = PBXBuildFile; fileRef = 650BEE8A201D49DF001AFB19 /* Main.storyboard */; };
		650BEE8E201D49DF001AFB19 /* Assets.xcassets in Resources */ = {isa = PBXBuildFile; fileRef = 650BEE8D201D49DF001AFB19 /* Assets.xcassets */; };
		650BEE91201D49DF001AFB19 /* LaunchScreen.storyboard in Resources */ = {isa = PBXBuildFile; fileRef = 650BEE8F201D49DF001AFB19 /* LaunchScreen.storyboard */; };
		650BEE9C201D49DF001AFB19 /* Well_TrackTests.swift in Sources */ = {isa = PBXBuildFile; fileRef = 650BEE9B201D49DF001AFB19 /* Well_TrackTests.swift */; };
		650BEEA7201D49DF001AFB19 /* Well_TrackUITests.swift in Sources */ = {isa = PBXBuildFile; fileRef = 650BEEA6201D49DF001AFB19 /* Well_TrackUITests.swift */; };
/* End PBXBuildFile section */

/* Begin PBXContainerItemProxy section */
		650BEE98201D49DF001AFB19 /* PBXContainerItemProxy */ = {
			isa = PBXContainerItemProxy;
			containerPortal = 650BEE7B201D49DF001AFB19 /* Project object */;
			proxyType = 1;
			remoteGlobalIDString = 650BEE82201D49DF001AFB19;
			remoteInfo = "Well Track";
		};
		650BEEA3201D49DF001AFB19 /* PBXContainerItemProxy */ = {
			isa = PBXContainerItemProxy;
			containerPortal = 650BEE7B201D49DF001AFB19 /* Project object */;
			proxyType = 1;
			remoteGlobalIDString = 650BEE82201D49DF001AFB19;
			remoteInfo = "Well Track";
		};
/* End PBXContainerItemProxy section */

/* Begin PBXFileReference section */
		650BEE83201D49DF001AFB19 /* Well Track.app */ = {isa = PBXFileReference; explicitFileType = wrapper.application; includeInIndex = 0; path = "Well Track.app"; sourceTree = BUILT_PRODUCTS_DIR; };
		650BEE86201D49DF001AFB19 /* AppDelegate.swift */ = {isa = PBXFileReference; lastKnownFileType = sourcecode.swift; path = AppDelegate.swift; sourceTree = "<group>"; };
		650BEE88201D49DF001AFB19 /* ViewController.swift */ = {isa = PBXFileReference; lastKnownFileType = sourcecode.swift; path = ViewController.swift; sourceTree = "<group>"; };
		650BEE8B201D49DF001AFB19 /* Base */ = {isa = PBXFileReference; lastKnownFileType = file.storyboard; name = Base; path = Base.lproj/Main.storyboard; sourceTree = "<group>"; };
		650BEE8D201D49DF001AFB19 /* Assets.xcassets */ = {isa = PBXFileReference; lastKnownFileType = folder.assetcatalog; path = Assets.xcassets; sourceTree = "<group>"; };
		650BEE90201D49DF001AFB19 /* Base */ = {isa = PBXFileReference; lastKnownFileType = file.storyboard; name = Base; path = Base.lproj/LaunchScreen.storyboard; sourceTree = "<group>"; };
		650BEE92201D49DF001AFB19 /* Info.plist */ = {isa = PBXFileReference; lastKnownFileType = text.plist.xml; path = Info.plist; sourceTree = "<group>"; };
		650BEE97201D49DF001AFB19 /* Well TrackTests.xctest */ = {isa = PBXFileReference; explicitFileType = wrapper.cfbundle; includeInIndex = 0; path = "Well TrackTests.xctest"; sourceTree = BUILT_PRODUCTS_DIR; };
		650BEE9B201D49DF001AFB19 /* Well_TrackTests.swift */ = {isa = PBXFileReference; lastKnownFileType = sourcecode.swift; path = Well_TrackTests.swift; sourceTree = "<group>"; };
		650BEE9D201D49DF001AFB19 /* Info.plist */ = {isa = PBXFileReference; lastKnownFileType = text.plist.xml; path = Info.plist; sourceTree = "<group>"; };
		650BEEA2201D49DF001AFB19 /* Well TrackUITests.xctest */ = {isa = PBXFileReference; explicitFileType = wrapper.cfbundle; includeInIndex = 0; path = "Well TrackUITests.xctest"; sourceTree = BUILT_PRODUCTS_DIR; };
		650BEEA6201D49DF001AFB19 /* Well_TrackUITests.swift */ = {isa = PBXFileReference; lastKnownFileType = sourcecode.swift; path = Well_TrackUITests.swift; sourceTree = "<group>"; };
		650BEEA8201D49DF001AFB19 /* Info.plist */ = {isa = PBXFileReference; lastKnownFileType = text.plist.xml; path = Info.plist; sourceTree = "<group>"; };
/* End PBXFileReference section */

/* Begin PBXFrameworksBuildPhase section */
		650BEE80201D49DF001AFB19 /* Frameworks */ = {
			isa = PBXFrameworksBuildPhase;
			buildActionMask = 2147483647;
			files = (
			);
			runOnlyForDeploymentPostprocessing = 0;
		};
		650BEE94201D49DF001AFB19 /* Frameworks */ = {
			isa = PBXFrameworksBuildPhase;
			buildActionMask = 2147483647;
			files = (
			);
			runOnlyForDeploymentPostprocessing = 0;
		};
		650BEE9F201D49DF001AFB19 /* Frameworks */ = {
			isa = PBXFrameworksBuildPhase;
			buildActionMask = 2147483647;
			files = (
			);
			runOnlyForDeploymentPostprocessing = 0;
		};
/* End PBXFrameworksBuildPhase section */

/* Begin PBXGroup section */
		650BEE7A201D49DF001AFB19 = {
			isa = PBXGroup;
			children = (
				650BEE85201D49DF001AFB19 /* Well Track */,
				650BEE9A201D49DF001AFB19 /* Well TrackTests */,
				650BEEA5201D49DF001AFB19 /* Well TrackUITests */,
				650BEE84201D49DF001AFB19 /* Products */,
			);
			sourceTree = "<group>";
		};
		650BEE84201D49DF001AFB19 /* Products */ = {
			isa = PBXGroup;
			children = (
				650BEE83201D49DF001AFB19 /* Well Track.app */,
				650BEE97201D49DF001AFB19 /* Well TrackTests.xctest */,
				650BEEA2201D49DF001AFB19 /* Well TrackUITests.xctest */,
			);
			name = Products;
			sourceTree = "<group>";
		};
		650BEE85201D49DF001AFB19 /* Well Track */ = {
			isa = PBXGroup;
			children = (
				650BEE86201D49DF001AFB19 /* AppDelegate.swift */,
				650BEE88201D49DF001AFB19 /* ViewController.swift */,
				650BEE8A201D49DF001AFB19 /* Main.storyboard */,
				650BEE8D201D49DF001AFB19 /* Assets.xcassets */,
				650BEE8F201D49DF001AFB19 /* LaunchScreen.storyboard */,
				650BEE92201D49DF001AFB19 /* Info.plist */,
			);
			path = "Well Track";
			sourceTree = "<group>";
		};
		650BEE9A201D49DF001AFB19 /* Well TrackTests */ = {
			isa = PBXGroup;
			children = (
				650BEE9B201D49DF001AFB19 /* Well_TrackTests.swift */,
				650BEE9D201D49DF001AFB19 /* Info.plist */,
			);
			path = "Well TrackTests";
			sourceTree = "<group>";
		};
		650BEEA5201D49DF001AFB19 /* Well TrackUITests */ = {
			isa = PBXGroup;
			children = (
				650BEEA6201D49DF001AFB19 /* Well_TrackUITests.swift */,
				650BEEA8201D49DF001AFB19 /* Info.plist */,
			);
			path = "Well TrackUITests";
			sourceTree = "<group>";
		};
/* End PBXGroup section */

/* Begin PBXNativeTarget section */
		650BEE82201D49DF001AFB19 /* Well Track */ = {
			isa = PBXNativeTarget;
			buildConfigurationList = 650BEEAB201D49DF001AFB19 /* Build configuration list for PBXNativeTarget "Well Track" */;
			buildPhases = (
				650BEE7F201D49DF001AFB19 /* Sources */,
				650BEE80201D49DF001AFB19 /* Frameworks */,
				650BEE81201D49DF001AFB19 /* Resources */,
			);
			buildRules = (
			);
			dependencies = (
			);
			name = "Well Track";
			productName = "Well Track";
			productReference = 650BEE83201D49DF001AFB19 /* Well Track.app */;
			productType = "com.apple.product-type.application";
		};
		650BEE96201D49DF001AFB19 /* Well TrackTests */ = {
			isa = PBXNativeTarget;
			buildConfigurationList = 650BEEAE201D49DF001AFB19 /* Build configuration list for PBXNativeTarget "Well TrackTests" */;
			buildPhases = (
				650BEE93201D49DF001AFB19 /* Sources */,
				650BEE94201D49DF001AFB19 /* Frameworks */,
				650BEE95201D49DF001AFB19 /* Resources */,
			);
			buildRules = (
			);
			dependencies = (
				650BEE99201D49DF001AFB19 /* PBXTargetDependency */,
			);
			name = "Well TrackTests";
			productName = "Well TrackTests";
			productReference = 650BEE97201D49DF001AFB19 /* Well TrackTests.xctest */;
			productType = "com.apple.product-type.bundle.unit-test";
		};
		650BEEA1201D49DF001AFB19 /* Well TrackUITests */ = {
			isa = PBXNativeTarget;
			buildConfigurationList = 650BEEB1201D49DF001AFB19 /* Build configuration list for PBXNativeTarget "Well TrackUITests" */;
			buildPhases = (
				650BEE9E201D49DF001AFB19 /* Sources */,
				650BEE9F201D49DF001AFB19 /* Frameworks */,
				650BEEA0201D49DF001AFB19 /* Resources */,
			);
			buildRules = (
			);
			dependencies = (
				650BEEA4201D49DF001AFB19 /* PBXTargetDependency */,
			);
			name = "Well TrackUITests";
			productName = "Well TrackUITests";
			productReference = 650BEEA2201D49DF001AFB19 /* Well TrackUITests.xctest */;
			productType = "com.apple.product-type.bundle.ui-testing";
		};
/* End PBXNativeTarget section */

/* Begin PBXProject section */
		650BEE7B201D49DF001AFB19 /* Project object */ = {
			isa = PBXProject;
			attributes = {
				LastSwiftUpdateCheck = 0920;
				LastUpgradeCheck = 0920;
				ORGANIZATIONNAME = "Team DXC";
				TargetAttributes = {
					650BEE82201D49DF001AFB19 = {
						CreatedOnToolsVersion = 9.2;
						ProvisioningStyle = Automatic;
					};
					650BEE96201D49DF001AFB19 = {
						CreatedOnToolsVersion = 9.2;
						ProvisioningStyle = Automatic;
						TestTargetID = 650BEE82201D49DF001AFB19;
					};
					650BEEA1201D49DF001AFB19 = {
						CreatedOnToolsVersion = 9.2;
						ProvisioningStyle = Automatic;
						TestTargetID = 650BEE82201D49DF001AFB19;
					};
				};
			};
			buildConfigurationList = 650BEE7E201D49DF001AFB19 /* Build configuration list for PBXProject "Well Track" */;
			compatibilityVersion = "Xcode 8.0";
			developmentRegion = en;
			hasScannedForEncodings = 0;
			knownRegions = (
				en,
				Base,
			);
			mainGroup = 650BEE7A201D49DF001AFB19;
			productRefGroup = 650BEE84201D49DF001AFB19 /* Products */;
			projectDirPath = "";
			projectRoot = "";
			targets = (
				650BEE82201D49DF001AFB19 /* Well Track */,
				650BEE96201D49DF001AFB19 /* Well TrackTests */,
				650BEEA1201D49DF001AFB19 /* Well TrackUITests */,
			);
		};
/* End PBXProject section */

/* Begin PBXResourcesBuildPhase section */
		650BEE81201D49DF001AFB19 /* Resources */ = {
			isa = PBXResourcesBuildPhase;
			buildActionMask = 2147483647;
			files = (
				650BEE91201D49DF001AFB19 /* LaunchScreen.storyboard in Resources */,
				650BEE8E201D49DF001AFB19 /* Assets.xcassets in Resources */,
				650BEE8C201D49DF001AFB19 /* Main.storyboard in Resources */,
			);
			runOnlyForDeploymentPostprocessing = 0;
		};
		650BEE95201D49DF001AFB19 /* Resources */ = {
			isa = PBXResourcesBuildPhase;
			buildActionMask = 2147483647;
			files = (
			);
			runOnlyForDeploymentPostprocessing = 0;
		};
		650BEEA0201D49DF001AFB19 /* Resources */ = {
			isa = PBXResourcesBuildPhase;
			buildActionMask = 2147483647;
			files = (
			);
			runOnlyForDeploymentPostprocessing = 0;
		};
/* End PBXResourcesBuildPhase section */

/* Begin PBXSourcesBuildPhase section */
		650BEE7F201D49DF001AFB19 /* Sources */ = {
			isa = PBXSourcesBuildPhase;
			buildActionMask = 2147483647;
			files = (
				650BEE89201D49DF001AFB19 /* ViewController.swift in Sources */,
				650BEE87201D49DF001AFB19 /* AppDelegate.swift in Sources */,
			);
			runOnlyForDeploymentPostprocessing = 0;
		};
		650BEE93201D49DF001AFB19 /* Sources */ = {
			isa = PBXSourcesBuildPhase;
			buildActionMask = 2147483647;
			files = (
				650BEE9C201D49DF001AFB19 /* Well_TrackTests.swift in Sources */,
			);
			runOnlyForDeploymentPostprocessing = 0;
		};
		650BEE9E201D49DF001AFB19 /* Sources */ = {
			isa = PBXSourcesBuildPhase;
			buildActionMask = 2147483647;
			files = (
				650BEEA7201D49DF001AFB19 /* Well_TrackUITests.swift in Sources */,
			);
			runOnlyForDeploymentPostprocessing = 0;
		};
/* End PBXSourcesBuildPhase section */

/* Begin PBXTargetDependency section */
		650BEE99201D49DF001AFB19 /* PBXTargetDependency */ = {
			isa = PBXTargetDependency;
			target = 650BEE82201D49DF001AFB19 /* Well Track */;
			targetProxy = 650BEE98201D49DF001AFB19 /* PBXContainerItemProxy */;
		};
		650BEEA4201D49DF001AFB19 /* PBXTargetDependency */ = {
			isa = PBXTargetDependency;
			target = 650BEE82201D49DF001AFB19 /* Well Track */;
			targetProxy = 650BEEA3201D49DF001AFB19 /* PBXContainerItemProxy */;
		};
/* End PBXTargetDependency section */

/* Begin PBXVariantGroup section */
		650BEE8A201D49DF001AFB19 /* Main.storyboard */ = {
			isa = PBXVariantGroup;
			children = (
				650BEE8B201D49DF001AFB19 /* Base */,
			);
			name = Main.storyboard;
			sourceTree = "<group>";
		};
		650BEE8F201D49DF001AFB19 /* LaunchScreen.storyboard */ = {
			isa = PBXVariantGroup;
			children = (
				650BEE90201D49DF001AFB19 /* Base */,
			);
			name = LaunchScreen.storyboard;
			sourceTree = "<group>";
		};
/* End PBXVariantGroup section */

/* Begin XCBuildConfiguration section */
		650BEEA9201D49DF001AFB19 /* Debug */ = {
			isa = XCBuildConfiguration;
			buildSettings = {
				ALWAYS_SEARCH_USER_PATHS = NO;
				CLANG_ANALYZER_NONNULL = YES;
				CLANG_ANALYZER_NUMBER_OBJECT_CONVERSION = YES_AGGRESSIVE;
				CLANG_CXX_LANGUAGE_STANDARD = "gnu++14";
				CLANG_CXX_LIBRARY = "libc++";
				CLANG_ENABLE_MODULES = YES;
				CLANG_ENABLE_OBJC_ARC = YES;
				CLANG_WARN_BLOCK_CAPTURE_AUTORELEASING = YES;
				CLANG_WARN_BOOL_CONVERSION = YES;
				CLANG_WARN_COMMA = YES;
				CLANG_WARN_CONSTANT_CONVERSION = YES;
				CLANG_WARN_DIRECT_OBJC_ISA_USAGE = YES_ERROR;
				CLANG_WARN_DOCUMENTATION_COMMENTS = YES;
				CLANG_WARN_EMPTY_BODY = YES;
				CLANG_WARN_ENUM_CONVERSION = YES;
				CLANG_WARN_INFINITE_RECURSION = YES;
				CLANG_WARN_INT_CONVERSION = YES;
				CLANG_WARN_NON_LITERAL_NULL_CONVERSION = YES;
				CLANG_WARN_OBJC_LITERAL_CONVERSION = YES;
				CLANG_WARN_OBJC_ROOT_CLASS = YES_ERROR;
				CLANG_WARN_RANGE_LOOP_ANALYSIS = YES;
				CLANG_WARN_STRICT_PROTOTYPES = YES;
				CLANG_WARN_SUSPICIOUS_MOVE = YES;
				CLANG_WARN_UNGUARDED_AVAILABILITY = YES_AGGRESSIVE;
				CLANG_WARN_UNREACHABLE_CODE = YES;
				CLANG_WARN__DUPLICATE_METHOD_MATCH = YES;
				CODE_SIGN_IDENTITY = "iPhone Developer";
				COPY_PHASE_STRIP = NO;
				DEBUG_INFORMATION_FORMAT = dwarf;
				ENABLE_STRICT_OBJC_MSGSEND = YES;
				ENABLE_TESTABILITY = YES;
				GCC_C_LANGUAGE_STANDARD = gnu11;
				GCC_DYNAMIC_NO_PIC = NO;
				GCC_NO_COMMON_BLOCKS = YES;
				GCC_OPTIMIZATION_LEVEL = 0;
				GCC_PREPROCESSOR_DEFINITIONS = (
					"DEBUG=1",
					"$(inherited)",
				);
				GCC_WARN_64_TO_32_BIT_CONVERSION = YES;
				GCC_WARN_ABOUT_RETURN_TYPE = YES_ERROR;
				GCC_WARN_UNDECLARED_SELECTOR = YES;
				GCC_WARN_UNINITIALIZED_AUTOS = YES_AGGRESSIVE;
				GCC_WARN_UNUSED_FUNCTION = YES;
				GCC_WARN_UNUSED_VARIABLE = YES;
				IPHONEOS_DEPLOYMENT_TARGET = 11.2;
				MTL_ENABLE_DEBUG_INFO = YES;
				ONLY_ACTIVE_ARCH = YES;
				SDKROOT = iphoneos;
				SWIFT_ACTIVE_COMPILATION_CONDITIONS = DEBUG;
				SWIFT_OPTIMIZATION_LEVEL = "-Onone";
			};
			name = Debug;
		};
		650BEEAA201D49DF001AFB19 /* Release */ = {
			isa = XCBuildConfiguration;
			buildSettings = {
				ALWAYS_SEARCH_USER_PATHS = NO;
				CLANG_ANALYZER_NONNULL = YES;
				CLANG_ANALYZER_NUMBER_OBJECT_CONVERSION = YES_AGGRESSIVE;
				CLANG_CXX_LANGUAGE_STANDARD = "gnu++14";
				CLANG_CXX_LIBRARY = "libc++";
				CLANG_ENABLE_MODULES = YES;
				CLANG_ENABLE_OBJC_ARC = YES;
				CLANG_WARN_BLOCK_CAPTURE_AUTORELEASING = YES;
				CLANG_WARN_BOOL_CONVERSION = YES;
				CLANG_WARN_COMMA = YES;
				CLANG_WARN_CONSTANT_CONVERSION = YES;
				CLANG_WARN_DIRECT_OBJC_ISA_USAGE = YES_ERROR;
				CLANG_WARN_DOCUMENTATION_COMMENTS = YES;
				CLANG_WARN_EMPTY_BODY = YES;
				CLANG_WARN_ENUM_CONVERSION = YES;
				CLANG_WARN_INFINITE_RECURSION = YES;
				CLANG_WARN_INT_CONVERSION = YES;
				CLANG_WARN_NON_LITERAL_NULL_CONVERSION = YES;
				CLANG_WARN_OBJC_LITERAL_CONVERSION = YES;
				CLANG_WARN_OBJC_ROOT_CLASS = YES_ERROR;
				CLANG_WARN_RANGE_LOOP_ANALYSIS = YES;
				CLANG_WARN_STRICT_PROTOTYPES = YES;
				CLANG_WARN_SUSPICIOUS_MOVE = YES;
				CLANG_WARN_UNGUARDED_AVAILABILITY = YES_AGGRESSIVE;
				CLANG_WARN_UNREACHABLE_CODE = YES;
				CLANG_WARN__DUPLICATE_METHOD_MATCH = YES;
				CODE_SIGN_IDENTITY = "iPhone Developer";
				COPY_PHASE_STRIP = NO;
				DEBUG_INFORMATION_FORMAT = "dwarf-with-dsym";
				ENABLE_NS_ASSERTIONS = NO;
				ENABLE_STRICT_OBJC_MSGSEND = YES;
				GCC_C_LANGUAGE_STANDARD = gnu11;
				GCC_NO_COMMON_BLOCKS = YES;
				GCC_WARN_64_TO_32_BIT_CONVERSION = YES;
				GCC_WARN_ABOUT_RETURN_TYPE = YES_ERROR;
				GCC_WARN_UNDECLARED_SELECTOR = YES;
				GCC_WARN_UNINITIALIZED_AUTOS = YES_AGGRESSIVE;
				GCC_WARN_UNUSED_FUNCTION = YES;
				GCC_WARN_UNUSED_VARIABLE = YES;
				IPHONEOS_DEPLOYMENT_TARGET = 11.2;
				MTL_ENABLE_DEBUG_INFO = NO;
				SDKROOT = iphoneos;
				SWIFT_OPTIMIZATION_LEVEL = "-Owholemodule";
				VALIDATE_PRODUCT = YES;
			};
			name = Release;
		};
		650BEEAC201D49DF001AFB19 /* Debug */ = {
			isa = XCBuildConfiguration;
			buildSettings = {
				ASSETCATALOG_COMPILER_APPICON_NAME = AppIcon;
				CODE_SIGN_STYLE = Automatic;
				INFOPLIST_FILE = "Well Track/Info.plist";
				LD_RUNPATH_SEARCH_PATHS = "$(inherited) @executable_path/Frameworks";
				PRODUCT_BUNDLE_IDENTIFIER = "GVSU-Capstone.Well-Track";
				PRODUCT_NAME = "$(TARGET_NAME)";
				SWIFT_VERSION = 4.0;
				TARGETED_DEVICE_FAMILY = "1,2";
			};
			name = Debug;
		};
		650BEEAD201D49DF001AFB19 /* Release */ = {
			isa = XCBuildConfiguration;
			buildSettings = {
				ASSETCATALOG_COMPILER_APPICON_NAME = AppIcon;
				CODE_SIGN_STYLE = Automatic;
				INFOPLIST_FILE = "Well Track/Info.plist";
				LD_RUNPATH_SEARCH_PATHS = "$(inherited) @executable_path/Frameworks";
				PRODUCT_BUNDLE_IDENTIFIER = "GVSU-Capstone.Well-Track";
				PRODUCT_NAME = "$(TARGET_NAME)";
				SWIFT_VERSION = 4.0;
				TARGETED_DEVICE_FAMILY = "1,2";
			};
			name = Release;
		};
		650BEEAF201D49DF001AFB19 /* Debug */ = {
			isa = XCBuildConfiguration;
			buildSettings = {
				ALWAYS_EMBED_SWIFT_STANDARD_LIBRARIES = YES;
				BUNDLE_LOADER = "$(TEST_HOST)";
				CODE_SIGN_STYLE = Automatic;
				INFOPLIST_FILE = "Well TrackTests/Info.plist";
				LD_RUNPATH_SEARCH_PATHS = "$(inherited) @executable_path/Frameworks @loader_path/Frameworks";
				PRODUCT_BUNDLE_IDENTIFIER = "GVSU-Capstone.Well-TrackTests";
				PRODUCT_NAME = "$(TARGET_NAME)";
				SWIFT_VERSION = 4.0;
				TARGETED_DEVICE_FAMILY = "1,2";
				TEST_HOST = "$(BUILT_PRODUCTS_DIR)/Well Track.app/Well Track";
			};
			name = Debug;
		};
		650BEEB0201D49DF001AFB19 /* Release */ = {
			isa = XCBuildConfiguration;
			buildSettings = {
				ALWAYS_EMBED_SWIFT_STANDARD_LIBRARIES = YES;
				BUNDLE_LOADER = "$(TEST_HOST)";
				CODE_SIGN_STYLE = Automatic;
				INFOPLIST_FILE = "Well TrackTests/Info.plist";
				LD_RUNPATH_SEARCH_PATHS = "$(inherited) @executable_path/Frameworks @loader_path/Frameworks";
				PRODUCT_BUNDLE_IDENTIFIER = "GVSU-Capstone.Well-TrackTests";
				PRODUCT_NAME = "$(TARGET_NAME)";
				SWIFT_VERSION = 4.0;
				TARGETED_DEVICE_FAMILY = "1,2";
				TEST_HOST = "$(BUILT_PRODUCTS_DIR)/Well Track.app/Well Track";
			};
			name = Release;
		};
		650BEEB2201D49DF001AFB19 /* Debug */ = {
			isa = XCBuildConfiguration;
			buildSettings = {
				ALWAYS_EMBED_SWIFT_STANDARD_LIBRARIES = YES;
				CODE_SIGN_STYLE = Automatic;
				INFOPLIST_FILE = "Well TrackUITests/Info.plist";
				LD_RUNPATH_SEARCH_PATHS = "$(inherited) @executable_path/Frameworks @loader_path/Frameworks";
				PRODUCT_BUNDLE_IDENTIFIER = "GVSU-Capstone.Well-TrackUITests";
				PRODUCT_NAME = "$(TARGET_NAME)";
				SWIFT_VERSION = 4.0;
				TARGETED_DEVICE_FAMILY = "1,2";
				TEST_TARGET_NAME = "Well Track";
			};
			name = Debug;
		};
		650BEEB3201D49DF001AFB19 /* Release */ = {
			isa = XCBuildConfiguration;
			buildSettings = {
				ALWAYS_EMBED_SWIFT_STANDARD_LIBRARIES = YES;
				CODE_SIGN_STYLE = Automatic;
				INFOPLIST_FILE = "Well TrackUITests/Info.plist";
				LD_RUNPATH_SEARCH_PATHS = "$(inherited) @executable_path/Frameworks @loader_path/Frameworks";
				PRODUCT_BUNDLE_IDENTIFIER = "GVSU-Capstone.Well-TrackUITests";
				PRODUCT_NAME = "$(TARGET_NAME)";
				SWIFT_VERSION = 4.0;
				TARGETED_DEVICE_FAMILY = "1,2";
				TEST_TARGET_NAME = "Well Track";
			};
			name = Release;
		};
/* End XCBuildConfiguration section */

/* Begin XCConfigurationList section */
		650BEE7E201D49DF001AFB19 /* Build configuration list for PBXProject "Well Track" */ = {
			isa = XCConfigurationList;
			buildConfigurations = (
				650BEEA9201D49DF001AFB19 /* Debug */,
				650BEEAA201D49DF001AFB19 /* Release */,
			);
			defaultConfigurationIsVisible = 0;
			defaultConfigurationName = Release;
		};
		650BEEAB201D49DF001AFB19 /* Build configuration list for PBXNativeTarget "Well Track" */ = {
			isa = XCConfigurationList;
			buildConfigurations = (
				650BEEAC201D49DF001AFB19 /* Debug */,
				650BEEAD201D49DF001AFB19 /* Release */,
			);
			defaultConfigurationIsVisible = 0;
			defaultConfigurationName = Release;
		};
		650BEEAE201D49DF001AFB19 /* Build configuration list for PBXNativeTarget "Well TrackTests" */ = {
			isa = XCConfigurationList;
			buildConfigurations = (
				650BEEAF201D49DF001AFB19 /* Debug */,
				650BEEB0201D49DF001AFB19 /* Release */,
			);
			defaultConfigurationIsVisible = 0;
			defaultConfigurationName = Release;
		};
		650BEEB1201D49DF001AFB19 /* Build configuration list for PBXNativeTarget "Well TrackUITests" */ = {
			isa = XCConfigurationList;
			buildConfigurations = (
				650BEEB2201D49DF001AFB19 /* Debug */,
				650BEEB3201D49DF001AFB19 /* Release */,
			);
			defaultConfigurationIsVisible = 0;
			defaultConfigurationName = Release;
		};
/* End XCConfigurationList section */
	};
	rootObject = 650BEE7B201D49DF001AFB19 /* Project object */;
}
